
Microsoft Visual Studio Solution File, Format Version 12.00
# Visual Studio 15
VisualStudioVersion = 15.0.27130.2003
MinimumVisualStudioVersion = 10.0.40219.1
Project("{FAE04EC0-301F-11D3-BF4B-00C04F79EFBC}") = "FleetSim.Objects", "FleetSim.Objects\FleetSim.Objects.csproj", "{78921B61-8842-44B5-9DA4-843192E7E992}"
EndProject
Project("{FAE04EC0-301F-11D3-BF4B-00C04F79EFBC}") = "FleetSim.Console", "FleetSim.Console\FleetSim.Console.csproj", "{6AF9C0AC-18E1-44B9-A8FF-EBB2051F447A}"
EndProject
Global
	GlobalSection(SolutionConfigurationPlatforms) = preSolution
		Debug|Any CPU = Debug|Any CPU
		Release|Any CPU = Release|Any CPU
	EndGlobalSection
	GlobalSection(ProjectConfigurationPlatforms) = postSolution
		{78921B61-8842-44B5-9DA4-843192E7E992}.Debug|Any CPU.ActiveCfg = Debug|Any CPU
		{78921B61-8842-44B5-9DA4-843192E7E992}.Debug|Any CPU.Build.0 = Debug|Any CPU
		{78921B61-8842-44B5-9DA4-843192E7E992}.Release|Any CPU.ActiveCfg = Release|Any CPU
		{78921B61-8842-44B5-9DA4-843192E7E992}.Release|Any CPU.Build.0 = Release|Any CPU
		{6AF9C0AC-18E1-44B9-A8FF-EBB2051F447A}.Debug|Any CPU.ActiveCfg = Debug|Any CPU
		{6AF9C0AC-18E1-44B9-A8FF-EBB2051F447A}.Debug|Any CPU.Build.0 = Debug|Any CPU
		{6AF9C0AC-18E1-44B9-A8FF-EBB2051F447A}.Release|Any CPU.ActiveCfg = Release|Any CPU
		{6AF9C0AC-18E1-44B9-A8FF-EBB2051F447A}.Release|Any CPU.Build.0 = Release|Any CPU
	EndGlobalSection
	GlobalSection(SolutionProperties) = preSolution
		HideSolutionNode = FALSE
	EndGlobalSection
	GlobalSection(ExtensibilityGlobals) = postSolution
		SolutionGuid = {CE13B665-65F2-4824-8166-FA0BE6355584}
	EndGlobalSection
EndGlobal
